{
  "requires": true,
  "lockfileVersion": 1,
  "dependencies": {
    "ace-diff": {
      "version": "3.0.3",
      "resolved": "https://registry.npmjs.org/ace-diff/-/ace-diff-3.0.3.tgz",
      "integrity": "sha512-CJaV9Oi6BWLWGL2Kj//h5BNXlRCRu1GYHPOT7o+ZSAuJv9PaL9FWr/cCf16IuSVDo7oj6VriO+qgoHR8G9McLA==",
      "requires": {
        "diff-match-patch": "^1.0.5"
      }
    },
    "diff-match-patch": {
      "version": "1.0.5",
      "resolved": "https://registry.npmjs.org/diff-match-patch/-/diff-match-patch-1.0.5.tgz",
      "integrity": "sha512-IayShXAgj/QMXgB0IWmKx+rOPuGMhqm5w6jvFxmVenXKIzRqTAAsbBPT3kWQeGANj3jGgvcvv4yK6SxqYmikgw=="
    }
  }
}
